
Microsoft Visual Studio Solution File, Format Version 12.00
# Visual Studio Version 17
VisualStudioVersion = 17.7.34221.43
MinimumVisualStudioVersion = 10.0.40219.1
Project("{FAE04EC0-301F-11D3-BF4B-00C04F79EFBC}") = "GoblinsAndGUI", "GoblinsAndGUI\GoblinsAndGUI.csproj", "{57F9BDD7-031B-4A90-ABCE-97EF83D5FF95}"
EndProject
Global
	GlobalSection(SolutionConfigurationPlatforms) = preSolution
		Debug|Any CPU = Debug|Any CPU
		Release|Any CPU = Release|Any CPU
	EndGlobalSection
	GlobalSection(ProjectConfigurationPlatforms) = postSolution
		{57F9BDD7-031B-4A90-ABCE-97EF83D5FF95}.Debug|Any CPU.ActiveCfg = Debug|Any CPU
		{57F9BDD7-031B-4A90-ABCE-97EF83D5FF95}.Debug|Any CPU.Build.0 = Debug|Any CPU
		{57F9BDD7-031B-4A90-ABCE-97EF83D5FF95}.Release|Any CPU.ActiveCfg = Release|Any CPU
		{57F9BDD7-031B-4A90-ABCE-97EF83D5FF95}.Release|Any CPU.Build.0 = Release|Any CPU
	EndGlobalSection
	GlobalSection(SolutionProperties) = preSolution
		HideSolutionNode = FALSE
	EndGlobalSection
	GlobalSection(ExtensibilityGlobals) = postSolution
		SolutionGuid = {D8762432-6F71-4DB7-9215-15B88F109C5E}
	EndGlobalSection
EndGlobal
